
Microsoft Visual Studio Solution File, Format Version 12.00
# Visual Studio Version 17
VisualStudioVersion = 17.5.002.0
MinimumVisualStudioVersion = 10.0.40219.1
Project("{9A19103F-16F7-4668-BE54-9A1E7A4F7556}") = "read-text", "01-endpoint-key\read-text.csproj", "{800EFB4D-C528-4FBF-8C83-53213E557DA4}"
EndProject
Project("{9A19103F-16F7-4668-BE54-9A1E7A4F7556}") = "read-text (1)", "02-keyvault\read-text.csproj", "{98DE344C-A22A-4F80-9770-D11981EB86E4}"
EndProject
Global
	GlobalSection(SolutionConfigurationPlatforms) = preSolution
		Debug|Any CPU = Debug|Any CPU
		Release|Any CPU = Release|Any CPU
	EndGlobalSection
	GlobalSection(ProjectConfigurationPlatforms) = postSolution
		{800EFB4D-C528-4FBF-8C83-53213E557DA4}.Debug|Any CPU.ActiveCfg = Debug|Any CPU
		{800EFB4D-C528-4FBF-8C83-53213E557DA4}.Debug|Any CPU.Build.0 = Debug|Any CPU
		{800EFB4D-C528-4FBF-8C83-53213E557DA4}.Release|Any CPU.ActiveCfg = Release|Any CPU
		{800EFB4D-C528-4FBF-8C83-53213E557DA4}.Release|Any CPU.Build.0 = Release|Any CPU
		{98DE344C-A22A-4F80-9770-D11981EB86E4}.Debug|Any CPU.ActiveCfg = Debug|Any CPU
		{98DE344C-A22A-4F80-9770-D11981EB86E4}.Debug|Any CPU.Build.0 = Debug|Any CPU
		{98DE344C-A22A-4F80-9770-D11981EB86E4}.Release|Any CPU.ActiveCfg = Release|Any CPU
		{98DE344C-A22A-4F80-9770-D11981EB86E4}.Release|Any CPU.Build.0 = Release|Any CPU
	EndGlobalSection
	GlobalSection(SolutionProperties) = preSolution
		HideSolutionNode = FALSE
	EndGlobalSection
	GlobalSection(ExtensibilityGlobals) = postSolution
		SolutionGuid = {08814CE0-78A9-4361-B103-5BB279433718}
	EndGlobalSection
EndGlobal
